Microsoft Visual Studio Solution File, Format Version 12.00
# Visual Studio Version 17
VisualStudioVersion = 17.5.2.0
MinimumVisualStudioVersion = 10.0.40219.1
Project("{FAE04EC0-301F-11D3-BF4B-00C04F79EFBC}") = "DydelfGame", "DydelfGame.csproj", "{4525D1C9-9919-35CA-5F8D-18E6A26EDAAC}"
EndProject
Global
	GlobalSection(SolutionConfigurationPlatforms) = preSolution
		Debug|Any CPU = Debug|Any CPU
		Release|Any CPU = Release|Any CPU
	EndGlobalSection
	GlobalSection(ProjectConfigurationPlatforms) = postSolution
		{4525D1C9-9919-35CA-5F8D-18E6A26EDAAC}.Debug|Any CPU.ActiveCfg = Debug|Any CPU
		{4525D1C9-9919-35CA-5F8D-18E6A26EDAAC}.Debug|Any CPU.Build.0 = Debug|Any CPU
		{4525D1C9-9919-35CA-5F8D-18E6A26EDAAC}.Release|Any CPU.ActiveCfg = Release|Any CPU
		{4525D1C9-9919-35CA-5F8D-18E6A26EDAAC}.Release|Any CPU.Build.0 = Release|Any CPU
	EndGlobalSection
	GlobalSection(SolutionProperties) = preSolution
		HideSolutionNode = FALSE
	EndGlobalSection
	GlobalSection(ExtensibilityGlobals) = postSolution
		SolutionGuid = {F51AC8D9-A14F-4894-BEF4-5EF149926694}
	EndGlobalSection
EndGlobal
